{
  "version": 4,
  "terraform_version": "1.10.4",
  "serial": 46,
  "lineage": "da0dab3c-e8b4-1f23-f92e-3ef9b85c971b",
  "outputs": {
    "ec2_public_ip": {
      "value": "18.175.135.44",
      "type": "string"
    },
    "load_balancer_dns": {
      "value": "main-load-balancer-1263481566.eu-west-2.elb.amazonaws.com",
      "type": "string"
    }
  },
  "resources": [
    {
      "module": "module.ec2",
      "mode": "managed",
      "type": "aws_instance",
      "name": "my-ec2-instance",
      "provider": "provider[\"registry.terraform.io/hashicorp/aws\"]",
      "instances": [
        {
          "schema_version": 1,
          "attributes": {
            "ami": "ami-06cff85354b67982b",
            "arn": "arn:aws:ec2:eu-west-2:730096458670:instance/i-08410d67820ae1d37",
            "associate_public_ip_address": true,
            "availability_zone": "eu-west-2a",
            "capacity_reservation_specification": [
              {
                "capacity_reservation_preference": "open",
                "capacity_reservation_target": []
              }
            ],
            "cpu_core_count": 2,
            "cpu_options": [
              {
                "amd_sev_snp": "",
                "core_count": 2,
                "threads_per_core": 1
              }
            ],
            "cpu_threads_per_core": 1,
            "credit_specification": [
              {
                "cpu_credits": "standard"
              }
            ],
            "disable_api_stop": false,
            "disable_api_termination": false,
            "ebs_block_device": [],
            "ebs_optimized": false,
            "enable_primary_ipv6": null,
            "enclave_options": [
              {
                "enabled": false
              }
            ],
            "ephemeral_block_device": [],
            "get_password_data": false,
            "hibernation": false,
            "host_id": "",
            "host_resource_group_arn": null,
            "iam_instance_profile": "",
            "id": "i-08410d67820ae1d37",
            "instance_initiated_shutdown_behavior": "stop",
            "instance_lifecycle": "",
            "instance_market_options": [],
            "instance_state": "running",
            "instance_type": "t2.medium",
            "ipv6_address_count": 0,
            "ipv6_addresses": [],
            "key_name": "my-key-pair",
            "launch_template": [],
            "maintenance_options": [
              {
                "auto_recovery": "default"
              }
            ],
            "metadata_options": [
              {
                "http_endpoint": "enabled",
                "http_protocol_ipv6": "disabled",
                "http_put_response_hop_limit": 1,
                "http_tokens": "optional",
                "instance_metadata_tags": "disabled"
              }
            ],
            "monitoring": false,
            "network_interface": [],
            "outpost_arn": "",
            "password_data": "",
            "placement_group": "",
            "placement_partition_number": 0,
            "primary_network_interface_id": "eni-047b4d9293df36b54",
            "private_dns": "ip-172-31-5-188.eu-west-2.compute.internal",
            "private_dns_name_options": [
              {
                "enable_resource_name_dns_a_record": false,
                "enable_resource_name_dns_aaaa_record": false,
                "hostname_type": "ip-name"
              }
            ],
            "private_ip": "172.31.5.188",
            "public_dns": "",
            "public_ip": "18.175.135.44",
            "root_block_device": [
              {
                "delete_on_termination": true,
                "device_name": "/dev/sda1",
                "encrypted": false,
                "iops": 100,
                "kms_key_id": "",
                "tags": {},
                "tags_all": {},
                "throughput": 0,
                "volume_id": "vol-09f4adb5ddbc8571a",
                "volume_size": 8,
                "volume_type": "gp2"
              }
            ],
            "secondary_private_ips": [],
            "security_groups": [],
            "source_dest_check": true,
            "spot_instance_request_id": "",
            "subnet_id": "subnet-03b2d97773d8d4eeb",
            "tags": {
              "Name": "WebServer"
            },
            "tags_all": {
              "Name": "WebServer"
            },
            "tenancy": "default",
            "timeouts": null,
            "user_data": "59c7befb6144a40b5d79ee2470d54a00225fb558",
            "user_data_base64": null,
            "user_data_replace_on_change": false,
            "volume_tags": null,
            "vpc_security_group_ids": [
              "sg-035f565f588a93f69"
            ]
          },
          "sensitive_attributes": [],
          "private": "eyJlMmJmYjczMC1lY2FhLTExZTYtOGY4OC0zNDM2M2JjN2M0YzAiOnsiY3JlYXRlIjo2MDAwMDAwMDAwMDAsImRlbGV0ZSI6MTIwMDAwMDAwMDAwMCwicmVhZCI6OTAwMDAwMDAwMDAwLCJ1cGRhdGUiOjYwMDAwMDAwMDAwMH0sInNjaGVtYV92ZXJzaW9uIjoiMSJ9",
          "dependencies": [
            "module.key_pair.aws_key_pair.my-key-pair",
            "module.key_pair.tls_private_key.private_key_pair",
            "module.security_group.aws_security_group.my-security-group",
            "module.vpc.aws_subnet.public",
            "module.vpc.aws_vpc.my_vpc",
            "module.vpc.data.aws_availability_zones.available"
          ]
        }
      ]
    },
    {
      "module": "module.key_pair",
      "mode": "managed",
      "type": "aws_key_pair",
      "name": "my-key-pair",
      "provider": "provider[\"registry.terraform.io/hashicorp/aws\"]",
      "instances": [
        {
          "schema_version": 1,
          "attributes": {
            "arn": "arn:aws:ec2:eu-west-2:730096458670:key-pair/my-key-pair",
            "fingerprint": "87:c2:61:02:03:94:1f:d6:f0:39:15:1e:fc:65:4f:59",
            "id": "my-key-pair",
            "key_name": "my-key-pair",
            "key_name_prefix": "",
            "key_pair_id": "key-071b710989b0c0687",
            "key_type": "rsa",
            "public_key": "ssh-rsa AAAAB3NzaC1yc2EAAAADAQABAAACAQCr12GYf92Lja7dm94+JdJx0isJo8kS7NdsfxR5UcoLdnYoKYU3MIvSRsvoJLSnVycwwWW/C9GzCTJu06TfAKFg4PA4QtKzeRl64A5KvuvZ9bHv7cAfTBxpthNM69b4CweqdwTC2sZRyRrW1QEJV9eFQuRmR1+w6utqchVXkZSU0TvMxYvXUT/L4SPaAeAxmgnW2c/YaxVja/A3zQQszwMfFKhSboYI+7agiBcGw2Sh75b0zNG7MpM4BDtxzXbryRUWWKjVh2d1yzFvAN4NC1FxseQyV/oVAz1f91aJVKI/UhcQbwiHObLwEO3jlyQ+SOFzxH/kvTFKZJBYwEQQXNfAfoXt5N+kziE53bV1KnA+yuX3fOsu69yX5VnuRs+Oz5wnD2KJi8ZL+CMspyx4FA6ppcQ0UxMUnL9ZuvYVUwwXegFP0zvT7U+tyPi7H3pr2XJRpVOvvFjLvu0d660Qqm3HtXlvitVD+SuIIF03IW3vGfO3j6PFLtXvAF+XRnbt8oJmBCuL7IO27XUkxdXI9TtJa3MKutE/8ZiaNNiKiWqX2nPY8JqIRgXBtDZ7iEhJ0Hvzc2Xt9SQ2/sGnX1U/jeqnLw7J23hNPk1TubBGYa5oCcRkuRGAHHE2RQ/I4SFQ2YuWoynFFbO011zHaFcsDJNO20Xi9SZS6MtWv4ZSqK8jOw==",
            "tags": null,
            "tags_all": {}
          },
          "sensitive_attributes": [],
          "private": "eyJzY2hlbWFfdmVyc2lvbiI6IjEifQ==",
          "dependencies": [
            "module.key_pair.tls_private_key.private_key_pair"
          ]
        }
      ]
    },
    {
      "module": "module.key_pair",
      "mode": "managed",
      "type": "tls_private_key",
      "name": "private_key_pair",
      "provider": "provider[\"registry.terraform.io/hashicorp/tls\"]",
      "instances": [
        {
          "schema_version": 1,
          "attributes": {
            "algorithm": "RSA",
            "ecdsa_curve": "P224",
            "id": "f668868b6ba220694d6cbe47156b25922d150bab",
            "private_key_openssh": "-----BEGIN OPENSSH PRIVATE KEY-----\nb3BlbnNzaC1rZXktdjEAAAAABG5vbmUAAAAEbm9uZQAAAAAAAAABAAACFwAAAAdz\nc2gtcnNhAAAAAwEAAQAAAgEAq9dhmH/di42u3ZvePiXScdIrCaPJEuzXbH8UeVHK\nC3Z2KCmFNzCL0kbL6CS0p1cnMMFlvwvRswkybtOk3wChYODwOELSs3kZeuAOSr7r\n2fWx7+3AH0wcabYTTOvW+AsHqncEwtrGUcka1tUBCVfXhULkZkdfsOrranIVV5GU\nlNE7zMWL11E/y+Ej2gHgMZoJ1tnP2GsVY2vwN80ELM8DHxSoUm6GCPu2oIgXBsNk\noe+W9MzRuzKTOAQ7cc1268kVFlio1YdndcsxbwDeDQtRcbHkMlf6FQM9X/dWiVSi\nP1IXEG8Ihzmy8BDt45ckPkjhc8R/5L0xSmSQWMBEEFzXwH6F7eTfpM4hOd21dSpw\nPsrl93zrLuvcl+VZ7kbPjs+cJw9iiYvGS/gjLKcseBQOqaXENFMTFJy/Wbr2FVMM\nF3oBT9M70+1Prcj4ux96a9lyUaVTr7xYy77tHeutEKptx7V5b4rVQ/kriCBdNyFt\n7xnzt4+jxS7V7wBfl0Z27fKCZgQri+yDtu11JMXVyPU7SWtzCrrRP/GYmjTYiolq\nl9pz2PCaiEYFwbQ2e4hISdB783Nl7fUkNv7Bp19VP43qpy8Oydt4TT5NU7mwRmGu\naAnEZLkRgBxxNkUPyOEhUNmLlqMpxRWztNdcx2hXLAyTTttF4vUmUujLVr+GUqiv\nIzsAAAc4EL7eYhC+3mIAAAAHc3NoLXJzYQAAAgEAq9dhmH/di42u3ZvePiXScdIr\nCaPJEuzXbH8UeVHKC3Z2KCmFNzCL0kbL6CS0p1cnMMFlvwvRswkybtOk3wChYODw\nOELSs3kZeuAOSr7r2fWx7+3AH0wcabYTTOvW+AsHqncEwtrGUcka1tUBCVfXhULk\nZkdfsOrranIVV5GUlNE7zMWL11E/y+Ej2gHgMZoJ1tnP2GsVY2vwN80ELM8DHxSo\nUm6GCPu2oIgXBsNkoe+W9MzRuzKTOAQ7cc1268kVFlio1YdndcsxbwDeDQtRcbHk\nMlf6FQM9X/dWiVSiP1IXEG8Ihzmy8BDt45ckPkjhc8R/5L0xSmSQWMBEEFzXwH6F\n7eTfpM4hOd21dSpwPsrl93zrLuvcl+VZ7kbPjs+cJw9iiYvGS/gjLKcseBQOqaXE\nNFMTFJy/Wbr2FVMMF3oBT9M70+1Prcj4ux96a9lyUaVTr7xYy77tHeutEKptx7V5\nb4rVQ/kriCBdNyFt7xnzt4+jxS7V7wBfl0Z27fKCZgQri+yDtu11JMXVyPU7SWtz\nCrrRP/GYmjTYiolql9pz2PCaiEYFwbQ2e4hISdB783Nl7fUkNv7Bp19VP43qpy8O\nydt4TT5NU7mwRmGuaAnEZLkRgBxxNkUPyOEhUNmLlqMpxRWztNdcx2hXLAyTTttF\n4vUmUujLVr+GUqivIzsAAAADAQABAAACAHq48wZKKxqDMSMrMekIcea/xeS4h91w\nL9lYWHLcKoNNMs0z+eOUVAb0cKN1s17fKynytItgEX7fTpk/pTtt49KgUm6bqoZq\nMfxDD3HqL94VTeKf1NmFLbWBRv9kXr3+gpcHMOtH+uJl0TkkHf1iMpUFVMCGsJxU\n6ZO3re5AFfDCDQcM/fXkHL+qJkSHmmlSLTy3iWxx7XB3obL4Q8cMgJot0pgsPqUj\nvyWei3NVEAVmalSiAhbC48jZnOqFZiy2Cs1OvCTi8sx5NPClme+O6bdc6C/cDMn8\n6lQi/DZPrx+xrK8b3OdWGajBLmOfiU7CFeDrsLrXMuCCOWRoyzM0Ww/9wBb3sMuH\ngvI9Vhr6zVz52OXqDOSfn1BdK08w8CJXbVnONBHCPhfv6OcjHcDa4l8NO+ne1efu\nQveOdzLj5Xt7dAE46VZBdvMhzJVgJaPl2ckTb1V1YuPu+cG+t9BUmfLhNFZKhKXI\nmYnly+xY31Plu7U7vA2MOO/Yzz+vJeT+MOwl9BUDGf8nGMoL6D7kmHG1ySL+QJ6G\neSnTwYjh9EUXWI0mKCH1b+gz1VYpNWL1ARc8d4DWHKKkjX/4bmNHpZloEhuzKp8y\nRzM9/rvYle7dSwkaaranqv0T3qFRAmFaTlxNPth7ShebtBhuyhciJrU8z6XL8Ml9\n7fHmzumsG2lBAAABAQCQ8KXwin3m4nc2w7CwaAV1dDnupR+elE+EOrrf2excTfpS\nqQol1LjRCVLkowjtp+OlX8RF0QdOZjiXDfh1OxxLnghLmW47h0i8EiODXOYqmi1d\nQElpS04Mv2Ko2KUZlTgBYkL4C7lrDfi5s0tkc+AaGL/NtPB46K3cHjaJP298Fr4W\nHxz3lXMv6l88eEPmeRQ0S5YL8Nsd5ivPV+wYnpD8PYyotZ4K72az1KcymnYSAoha\nWsv5ukYKBYxMRZPLv244Yum5+LVFlQ+48pXTEAWeI9Z8Hjcwx/Ut5FdpVMo1vSnz\nu7S1TBL2oHnSTKtGuNvMqf1RGJr1uvyhJi873Cj2AAABAQDjQNeOOgS7cxYBxnZj\nFS+SY1BDH83zBdw1w8CXgWpLaN0My2V5vc8C3RmarEhmVQCP64iR1DMqEAq+BU/D\nWBgAmNtDGB/Nv+/AuPcD8eXpfojzK60onI63vbm495W/jmoWlDifwhrdQWM+WHyK\n1T0vc5tin+zib/6zgdBNzLgFEQxPIfw7wxsWRIaLcDfZ4iUzzlgSHwIPNep/7d/w\n9ApjWKsc2WeVhSrxUh0FB4tFcroe+N+5NwO0o6ZmIneVaH8F8aVf/JuuhQIyuRSX\n8YBtV6poEovW4FigCrXwDfk567hnVMWNYaRq6nf5AWzYQJGzAP+DTRFcZJ7L3NhD\nDdUJAAABAQDBlCFYM57vATmVOHCFGxaIUBJOBEUjyV2P4vKy9m+P3P5g8SYuFQjQ\n82w5smAoZu1p+YmLNP+S38JpOVA1zWyTuwr495RL8kH/wwT+vyGxZHxgjB7+SBQP\ntV8IO/jpz1TlU5KB/5PkGznHzFB+xchFH4tMtbtUb5Yx9fNDG9MlT1amfKXQZOHC\nGXFJMiiyup6MsPeqwUSbIQcExs3YNe3GwbcZiisYU8tyMiLhRGWo4MTzHhEzYssC\nnhlx45UoZUWDKxSR2ibkFsnJYLnl0fRvoQxJfhsjAsLT7cnvahlw7/kJePIsyfE8\nqmJSdqQ/sJ9tVaeszAibFbQY2dlKDqsjAAAAAAEC\n-----END OPENSSH PRIVATE KEY-----\n",
            "private_key_pem": "-----BEGIN RSA PRIVATE KEY-----\nMIIJKQIBAAKCAgEAq9dhmH/di42u3ZvePiXScdIrCaPJEuzXbH8UeVHKC3Z2KCmF\nNzCL0kbL6CS0p1cnMMFlvwvRswkybtOk3wChYODwOELSs3kZeuAOSr7r2fWx7+3A\nH0wcabYTTOvW+AsHqncEwtrGUcka1tUBCVfXhULkZkdfsOrranIVV5GUlNE7zMWL\n11E/y+Ej2gHgMZoJ1tnP2GsVY2vwN80ELM8DHxSoUm6GCPu2oIgXBsNkoe+W9MzR\nuzKTOAQ7cc1268kVFlio1YdndcsxbwDeDQtRcbHkMlf6FQM9X/dWiVSiP1IXEG8I\nhzmy8BDt45ckPkjhc8R/5L0xSmSQWMBEEFzXwH6F7eTfpM4hOd21dSpwPsrl93zr\nLuvcl+VZ7kbPjs+cJw9iiYvGS/gjLKcseBQOqaXENFMTFJy/Wbr2FVMMF3oBT9M7\n0+1Prcj4ux96a9lyUaVTr7xYy77tHeutEKptx7V5b4rVQ/kriCBdNyFt7xnzt4+j\nxS7V7wBfl0Z27fKCZgQri+yDtu11JMXVyPU7SWtzCrrRP/GYmjTYiolql9pz2PCa\niEYFwbQ2e4hISdB783Nl7fUkNv7Bp19VP43qpy8Oydt4TT5NU7mwRmGuaAnEZLkR\ngBxxNkUPyOEhUNmLlqMpxRWztNdcx2hXLAyTTttF4vUmUujLVr+GUqivIzsCAwEA\nAQKCAgB6uPMGSisagzEjKzHpCHHmv8XkuIfdcC/ZWFhy3CqDTTLNM/njlFQG9HCj\ndbNe3ysp8rSLYBF+306ZP6U7bePSoFJum6qGajH8Qw9x6i/eFU3in9TZhS21gUb/\nZF69/oKXBzDrR/riZdE5JB39YjKVBVTAhrCcVOmTt63uQBXwwg0HDP315By/qiZE\nh5ppUi08t4lsce1wd6Gy+EPHDICaLdKYLD6lI78lnotzVRAFZmpUogIWwuPI2Zzq\nhWYstgrNTrwk4vLMeTTwpZnvjum3XOgv3AzJ/OpUIvw2T68fsayvG9znVhmowS5j\nn4lOwhXg67C61zLggjlkaMszNFsP/cAW97DLh4LyPVYa+s1c+djl6gzkn59QXStP\nMPAiV21ZzjQRwj4X7+jnIx3A2uJfDTvp3tXn7kL3jncy4+V7e3QBOOlWQXbzIcyV\nYCWj5dnJE29VdWLj7vnBvrfQVJny4TRWSoSlyJmJ5cvsWN9T5bu1O7wNjDjv2M8/\nryXk/jDsJfQVAxn/JxjKC+g+5Jhxtcki/kCehnkp08GI4fRFF1iNJigh9W/oM9VW\nKTVi9QEXPHeA1hyipI1/+G5jR6WZaBIbsyqfMkczPf672JXu3UsJGmq2p6r9E96h\nUQJhWk5cTT7Ye0oXm7QYbsoXIia1PM+ly/DJfe3x5s7prBtpQQKCAQEA40DXjjoE\nu3MWAcZ2YxUvkmNQQx/N8wXcNcPAl4FqS2jdDMtleb3PAt0ZmqxIZlUAj+uIkdQz\nKhAKvgVPw1gYAJjbQxgfzb/vwLj3A/Hl6X6I8yutKJyOt725uPeVv45qFpQ4n8Ia\n3UFjPlh8itU9L3ObYp/s4m/+s4HQTcy4BREMTyH8O8MbFkSGi3A32eIlM85YEh8C\nDzXqf+3f8PQKY1irHNlnlYUq8VIdBQeLRXK6HvjfuTcDtKOmZiJ3lWh/BfGlX/yb\nroUCMrkUl/GAbVeqaBKL1uBYoAq18A35Oeu4Z1TFjWGkaup3+QFs2ECRswD/g00R\nXGSey9zYQw3VCQKCAQEAwZQhWDOe7wE5lThwhRsWiFASTgRFI8ldj+LysvZvj9z+\nYPEmLhUI0PNsObJgKGbtafmJizT/kt/CaTlQNc1sk7sK+PeUS/JB/8ME/r8hsWR8\nYIwe/kgUD7VfCDv46c9U5VOSgf+T5Bs5x8xQfsXIRR+LTLW7VG+WMfXzQxvTJU9W\npnyl0GThwhlxSTIosrqejLD3qsFEmyEHBMbN2DXtxsG3GYorGFPLcjIi4URlqODE\n8x4RM2LLAp4ZceOVKGVFgysUkdom5BbJyWC55dH0b6EMSX4bIwLC0+3J72oZcO/5\nCXjyLMnxPKpiUnakP7CfbVWnrMwImxW0GNnZSg6rIwKCAQEAgYUrVbxrhgqJuGlM\ngBxLCLvhuuAdmSz13Q68bZ0s393cXrZuF3y+x3sMZMNcYDaCI4SySasPniGWfca5\nNzS2OWDlVtAhEDscglLpNi5gQzwDAdUa09Km5MIVX/58MrkQbd38h9ExTnk9/wKf\nuODgBnN1VDih4kzCdby+5BiRqRGWWmOcRtNkVMSpij9jFaN2YJhySaGyosiv5knF\nIKd2ZDjdDYw7JVTIrNGICJ3MGsDQo2Zk3EMmsYW0CPIMBfOQseqPvq1SbZ0RK6eg\nvRi/gZI9ZSNs4ALtgAmauD6+lOxsJTiDf5jvBKCt0BWn23ixkbw35LW/91DB0J8G\nAvGXQQKCAQBQqFMYeDHR7lW66lBf9cB2vb5SyY6xcZbNfEeZ7/reG7vWUsSQ0Ozi\ne3rts3hDfVeRH4uC+GtBHIDZ7SqRsG18RKQ2xpoA5wk+81hieOsmCfOVGu1TEF9j\niDP3r11wtpXuE9to1UAe/IUfze8AU5K10oXtSY+rh+8yFAPvQ2nAEwXMywUgBtjW\nUlmUoRS6G+4yOw6HFI5sgN92yws7+oR/m3maZ6q7MTcE9wT3jdM6AaWukymhmply\nFsQNY0FkGoZTOCETAK3RvfkIMohizQ+nb5g6CxRtixn4ygyo+DFvkF3Y548owGAG\n4gujxpF7hDF5kgYShtVTIUDwVd0m8WO3AoIBAQCQ8KXwin3m4nc2w7CwaAV1dDnu\npR+elE+EOrrf2excTfpSqQol1LjRCVLkowjtp+OlX8RF0QdOZjiXDfh1OxxLnghL\nmW47h0i8EiODXOYqmi1dQElpS04Mv2Ko2KUZlTgBYkL4C7lrDfi5s0tkc+AaGL/N\ntPB46K3cHjaJP298Fr4WHxz3lXMv6l88eEPmeRQ0S5YL8Nsd5ivPV+wYnpD8PYyo\ntZ4K72az1KcymnYSAohaWsv5ukYKBYxMRZPLv244Yum5+LVFlQ+48pXTEAWeI9Z8\nHjcwx/Ut5FdpVMo1vSnzu7S1TBL2oHnSTKtGuNvMqf1RGJr1uvyhJi873Cj2\n-----END RSA PRIVATE KEY-----\n",
            "private_key_pem_pkcs8": "-----BEGIN PRIVATE KEY-----\nMIIJQwIBADANBgkqhkiG9w0BAQEFAASCCS0wggkpAgEAAoICAQCr12GYf92Lja7d\nm94+JdJx0isJo8kS7NdsfxR5UcoLdnYoKYU3MIvSRsvoJLSnVycwwWW/C9GzCTJu\n06TfAKFg4PA4QtKzeRl64A5KvuvZ9bHv7cAfTBxpthNM69b4CweqdwTC2sZRyRrW\n1QEJV9eFQuRmR1+w6utqchVXkZSU0TvMxYvXUT/L4SPaAeAxmgnW2c/YaxVja/A3\nzQQszwMfFKhSboYI+7agiBcGw2Sh75b0zNG7MpM4BDtxzXbryRUWWKjVh2d1yzFv\nAN4NC1FxseQyV/oVAz1f91aJVKI/UhcQbwiHObLwEO3jlyQ+SOFzxH/kvTFKZJBY\nwEQQXNfAfoXt5N+kziE53bV1KnA+yuX3fOsu69yX5VnuRs+Oz5wnD2KJi8ZL+CMs\npyx4FA6ppcQ0UxMUnL9ZuvYVUwwXegFP0zvT7U+tyPi7H3pr2XJRpVOvvFjLvu0d\n660Qqm3HtXlvitVD+SuIIF03IW3vGfO3j6PFLtXvAF+XRnbt8oJmBCuL7IO27XUk\nxdXI9TtJa3MKutE/8ZiaNNiKiWqX2nPY8JqIRgXBtDZ7iEhJ0Hvzc2Xt9SQ2/sGn\nX1U/jeqnLw7J23hNPk1TubBGYa5oCcRkuRGAHHE2RQ/I4SFQ2YuWoynFFbO011zH\naFcsDJNO20Xi9SZS6MtWv4ZSqK8jOwIDAQABAoICAHq48wZKKxqDMSMrMekIcea/\nxeS4h91wL9lYWHLcKoNNMs0z+eOUVAb0cKN1s17fKynytItgEX7fTpk/pTtt49Kg\nUm6bqoZqMfxDD3HqL94VTeKf1NmFLbWBRv9kXr3+gpcHMOtH+uJl0TkkHf1iMpUF\nVMCGsJxU6ZO3re5AFfDCDQcM/fXkHL+qJkSHmmlSLTy3iWxx7XB3obL4Q8cMgJot\n0pgsPqUjvyWei3NVEAVmalSiAhbC48jZnOqFZiy2Cs1OvCTi8sx5NPClme+O6bdc\n6C/cDMn86lQi/DZPrx+xrK8b3OdWGajBLmOfiU7CFeDrsLrXMuCCOWRoyzM0Ww/9\nwBb3sMuHgvI9Vhr6zVz52OXqDOSfn1BdK08w8CJXbVnONBHCPhfv6OcjHcDa4l8N\nO+ne1efuQveOdzLj5Xt7dAE46VZBdvMhzJVgJaPl2ckTb1V1YuPu+cG+t9BUmfLh\nNFZKhKXImYnly+xY31Plu7U7vA2MOO/Yzz+vJeT+MOwl9BUDGf8nGMoL6D7kmHG1\nySL+QJ6GeSnTwYjh9EUXWI0mKCH1b+gz1VYpNWL1ARc8d4DWHKKkjX/4bmNHpZlo\nEhuzKp8yRzM9/rvYle7dSwkaaranqv0T3qFRAmFaTlxNPth7ShebtBhuyhciJrU8\nz6XL8Ml97fHmzumsG2lBAoIBAQDjQNeOOgS7cxYBxnZjFS+SY1BDH83zBdw1w8CX\ngWpLaN0My2V5vc8C3RmarEhmVQCP64iR1DMqEAq+BU/DWBgAmNtDGB/Nv+/AuPcD\n8eXpfojzK60onI63vbm495W/jmoWlDifwhrdQWM+WHyK1T0vc5tin+zib/6zgdBN\nzLgFEQxPIfw7wxsWRIaLcDfZ4iUzzlgSHwIPNep/7d/w9ApjWKsc2WeVhSrxUh0F\nB4tFcroe+N+5NwO0o6ZmIneVaH8F8aVf/JuuhQIyuRSX8YBtV6poEovW4FigCrXw\nDfk567hnVMWNYaRq6nf5AWzYQJGzAP+DTRFcZJ7L3NhDDdUJAoIBAQDBlCFYM57v\nATmVOHCFGxaIUBJOBEUjyV2P4vKy9m+P3P5g8SYuFQjQ82w5smAoZu1p+YmLNP+S\n38JpOVA1zWyTuwr495RL8kH/wwT+vyGxZHxgjB7+SBQPtV8IO/jpz1TlU5KB/5Pk\nGznHzFB+xchFH4tMtbtUb5Yx9fNDG9MlT1amfKXQZOHCGXFJMiiyup6MsPeqwUSb\nIQcExs3YNe3GwbcZiisYU8tyMiLhRGWo4MTzHhEzYssCnhlx45UoZUWDKxSR2ibk\nFsnJYLnl0fRvoQxJfhsjAsLT7cnvahlw7/kJePIsyfE8qmJSdqQ/sJ9tVaeszAib\nFbQY2dlKDqsjAoIBAQCBhStVvGuGCom4aUyAHEsIu+G64B2ZLPXdDrxtnSzf3dxe\ntm4XfL7Hewxkw1xgNoIjhLJJqw+eIZZ9xrk3NLY5YOVW0CEQOxyCUuk2LmBDPAMB\n1RrT0qbkwhVf/nwyuRBt3fyH0TFOeT3/Ap+44OAGc3VUOKHiTMJ1vL7kGJGpEZZa\nY5xG02RUxKmKP2MVo3ZgmHJJobKiyK/mScUgp3ZkON0NjDslVMis0YgIncwawNCj\nZmTcQyaxhbQI8gwF85Cx6o++rVJtnRErp6C9GL+Bkj1lI2zgAu2ACZq4Pr6U7Gwl\nOIN/mO8EoK3QFafbeLGRvDfktb/3UMHQnwYC8ZdBAoIBAFCoUxh4MdHuVbrqUF/1\nwHa9vlLJjrFxls18R5nv+t4bu9ZSxJDQ7OJ7eu2zeEN9V5Efi4L4a0EcgNntKpGw\nbXxEpDbGmgDnCT7zWGJ46yYJ85Ua7VMQX2OIM/evXXC2le4T22jVQB78hR/N7wBT\nkrXShe1Jj6uH7zIUA+9DacATBczLBSAG2NZSWZShFLob7jI7DocUjmyA33bLCzv6\nhH+beZpnqrsxNwT3BPeN0zoBpa6TKaGamXIWxA1jQWQahlM4IRMArdG9+QgyiGLN\nD6dvmDoLFG2LGfjKDKj4MW+QXdjnjyjAYAbiC6PGkXuEMXmSBhKG1VMhQPBV3Sbx\nY7cCggEBAJDwpfCKfebidzbDsLBoBXV0Oe6lH56UT4Q6ut/Z7FxN+lKpCiXUuNEJ\nUuSjCO2n46VfxEXRB05mOJcN+HU7HEueCEuZbjuHSLwSI4Nc5iqaLV1ASWlLTgy/\nYqjYpRmVOAFiQvgLuWsN+LmzS2Rz4BoYv8208HjordweNok/b3wWvhYfHPeVcy/q\nXzx4Q+Z5FDRLlgvw2x3mK89X7BiekPw9jKi1ngrvZrPUpzKadhICiFpay/m6RgoF\njExFk8u/bjhi6bn4tUWVD7jyldMQBZ4j1nweNzDH9S3kV2lUyjW9KfO7tLVMEvag\nedJMq0a428yp/VEYmvW6/KEmLzvcKPY=\n-----END PRIVATE KEY-----\n",
            "public_key_fingerprint_md5": "fd:d6:88:70:ed:66:a2:e5:ea:6b:0d:86:9a:36:38:c3",
            "public_key_fingerprint_sha256": "SHA256:KvJEwCSwKlVPq4Wrien7AH22SvzAc1YZnNZiNeaRKlM",
            "public_key_openssh": "ssh-rsa AAAAB3NzaC1yc2EAAAADAQABAAACAQCr12GYf92Lja7dm94+JdJx0isJo8kS7NdsfxR5UcoLdnYoKYU3MIvSRsvoJLSnVycwwWW/C9GzCTJu06TfAKFg4PA4QtKzeRl64A5KvuvZ9bHv7cAfTBxpthNM69b4CweqdwTC2sZRyRrW1QEJV9eFQuRmR1+w6utqchVXkZSU0TvMxYvXUT/L4SPaAeAxmgnW2c/YaxVja/A3zQQszwMfFKhSboYI+7agiBcGw2Sh75b0zNG7MpM4BDtxzXbryRUWWKjVh2d1yzFvAN4NC1FxseQyV/oVAz1f91aJVKI/UhcQbwiHObLwEO3jlyQ+SOFzxH/kvTFKZJBYwEQQXNfAfoXt5N+kziE53bV1KnA+yuX3fOsu69yX5VnuRs+Oz5wnD2KJi8ZL+CMspyx4FA6ppcQ0UxMUnL9ZuvYVUwwXegFP0zvT7U+tyPi7H3pr2XJRpVOvvFjLvu0d660Qqm3HtXlvitVD+SuIIF03IW3vGfO3j6PFLtXvAF+XRnbt8oJmBCuL7IO27XUkxdXI9TtJa3MKutE/8ZiaNNiKiWqX2nPY8JqIRgXBtDZ7iEhJ0Hvzc2Xt9SQ2/sGnX1U/jeqnLw7J23hNPk1TubBGYa5oCcRkuRGAHHE2RQ/I4SFQ2YuWoynFFbO011zHaFcsDJNO20Xi9SZS6MtWv4ZSqK8jOw==\n",
            "public_key_pem": "-----BEGIN PUBLIC KEY-----\nMIICIjANBgkqhkiG9w0BAQEFAAOCAg8AMIICCgKCAgEAq9dhmH/di42u3ZvePiXS\ncdIrCaPJEuzXbH8UeVHKC3Z2KCmFNzCL0kbL6CS0p1cnMMFlvwvRswkybtOk3wCh\nYODwOELSs3kZeuAOSr7r2fWx7+3AH0wcabYTTOvW+AsHqncEwtrGUcka1tUBCVfX\nhULkZkdfsOrranIVV5GUlNE7zMWL11E/y+Ej2gHgMZoJ1tnP2GsVY2vwN80ELM8D\nHxSoUm6GCPu2oIgXBsNkoe+W9MzRuzKTOAQ7cc1268kVFlio1YdndcsxbwDeDQtR\ncbHkMlf6FQM9X/dWiVSiP1IXEG8Ihzmy8BDt45ckPkjhc8R/5L0xSmSQWMBEEFzX\nwH6F7eTfpM4hOd21dSpwPsrl93zrLuvcl+VZ7kbPjs+cJw9iiYvGS/gjLKcseBQO\nqaXENFMTFJy/Wbr2FVMMF3oBT9M70+1Prcj4ux96a9lyUaVTr7xYy77tHeutEKpt\nx7V5b4rVQ/kriCBdNyFt7xnzt4+jxS7V7wBfl0Z27fKCZgQri+yDtu11JMXVyPU7\nSWtzCrrRP/GYmjTYiolql9pz2PCaiEYFwbQ2e4hISdB783Nl7fUkNv7Bp19VP43q\npy8Oydt4TT5NU7mwRmGuaAnEZLkRgBxxNkUPyOEhUNmLlqMpxRWztNdcx2hXLAyT\nTttF4vUmUujLVr+GUqivIzsCAwEAAQ==\n-----END PUBLIC KEY-----\n",
            "rsa_bits": 4096
          },
          "sensitive_attributes": [
            [
              {
                "type": "get_attr",
                "value": "private_key_pem"
              }
            ],
            [
              {
                "type": "get_attr",
                "value": "private_key_openssh"
              }
            ],
            [
              {
                "type": "get_attr",
                "value": "private_key_pem_pkcs8"
              }
            ]
          ]
        }
      ]
    },
    {
      "module": "module.load_balancer",
      "mode": "managed",
      "type": "aws_lb",
      "name": "load-balancer",
      "provider": "provider[\"registry.terraform.io/hashicorp/aws\"]",
      "instances": [
        {
          "schema_version": 0,
          "attributes": {
            "access_logs": [
              {
                "bucket": "",
                "enabled": false,
                "prefix": ""
              }
            ],
            "arn": "arn:aws:elasticloadbalancing:eu-west-2:730096458670:loadbalancer/app/main-load-balancer/4fdc6b11845977c2",
            "arn_suffix": "app/main-load-balancer/4fdc6b11845977c2",
            "client_keep_alive": 3600,
            "connection_logs": [
              {
                "bucket": "",
                "enabled": false,
                "prefix": ""
              }
            ],
            "customer_owned_ipv4_pool": "",
            "desync_mitigation_mode": "defensive",
            "dns_name": "main-load-balancer-1263481566.eu-west-2.elb.amazonaws.com",
            "dns_record_client_routing_policy": null,
            "drop_invalid_header_fields": false,
            "enable_cross_zone_load_balancing": true,
            "enable_deletion_protection": false,
            "enable_http2": true,
            "enable_tls_version_and_cipher_suite_headers": false,
            "enable_waf_fail_open": false,
            "enable_xff_client_port": false,
            "enable_zonal_shift": false,
            "enforce_security_group_inbound_rules_on_private_link_traffic": "",
            "id": "arn:aws:elasticloadbalancing:eu-west-2:730096458670:loadbalancer/app/main-load-balancer/4fdc6b11845977c2",
            "idle_timeout": 60,
            "internal": false,
            "ip_address_type": "ipv4",
            "load_balancer_type": "application",
            "name": "main-load-balancer",
            "name_prefix": "",
            "preserve_host_header": false,
            "security_groups": [
              "sg-035f565f588a93f69"
            ],
            "subnet_mapping": [
              {
                "allocation_id": "",
                "ipv6_address": "",
                "outpost_id": "",
                "private_ipv4_address": "",
                "subnet_id": "subnet-03ac9b93e20e22bf5"
              },
              {
                "allocation_id": "",
                "ipv6_address": "",
                "outpost_id": "",
                "private_ipv4_address": "",
                "subnet_id": "subnet-03b2d97773d8d4eeb"
              }
            ],
            "subnets": [
              "subnet-03ac9b93e20e22bf5",
              "subnet-03b2d97773d8d4eeb"
            ],
            "tags": {
              "Name": "MainLoadBalancer"
            },
            "tags_all": {
              "Name": "MainLoadBalancer"
            },
            "timeouts": null,
            "vpc_id": "vpc-058f7f97b2a8d1dcf",
            "xff_header_processing_mode": "append",
            "zone_id": "ZHURV8PSTC4K8"
          },
          "sensitive_attributes": [],
          "private": "eyJlMmJmYjczMC1lY2FhLTExZTYtOGY4OC0zNDM2M2JjN2M0YzAiOnsiY3JlYXRlIjo2MDAwMDAwMDAwMDAsImRlbGV0ZSI6NjAwMDAwMDAwMDAwLCJ1cGRhdGUiOjYwMDAwMDAwMDAwMH19",
          "dependencies": [
            "module.security_group.aws_security_group.my-security-group",
            "module.vpc.aws_subnet.public",
            "module.vpc.aws_vpc.my_vpc",
            "module.vpc.data.aws_availability_zones.available"
          ]
        }
      ]
    },
    {
      "module": "module.security_group",
      "mode": "managed",
      "type": "aws_security_group",
      "name": "my-security-group",
      "provider": "provider[\"registry.terraform.io/hashicorp/aws\"]",
      "instances": [
        {
          "schema_version": 1,
          "attributes": {
            "arn": "arn:aws:ec2:eu-west-2:730096458670:security-group/sg-035f565f588a93f69",
            "description": "Managed by Terraform",
            "egress": [
              {
                "cidr_blocks": [
                  "0.0.0.0/0"
                ],
                "description": "",
                "from_port": 0,
                "ipv6_cidr_blocks": [],
                "prefix_list_ids": [],
                "protocol": "-1",
                "security_groups": [],
                "self": false,
                "to_port": 0
              }
            ],
            "id": "sg-035f565f588a93f69",
            "ingress": [
              {
                "cidr_blocks": [
                  "0.0.0.0/0"
                ],
                "description": "",
                "from_port": 22,
                "ipv6_cidr_blocks": [],
                "prefix_list_ids": [],
                "protocol": "tcp",
                "security_groups": [],
                "self": false,
                "to_port": 22
              },
              {
                "cidr_blocks": [
                  "0.0.0.0/0"
                ],
                "description": "",
                "from_port": 443,
                "ipv6_cidr_blocks": [],
                "prefix_list_ids": [],
                "protocol": "tcp",
                "security_groups": [],
                "self": false,
                "to_port": 443
              },
              {
                "cidr_blocks": [
                  "0.0.0.0/0"
                ],
                "description": "",
                "from_port": 80,
                "ipv6_cidr_blocks": [],
                "prefix_list_ids": [],
                "protocol": "tcp",
                "security_groups": [],
                "self": false,
                "to_port": 80
              }
            ],
            "name": "terraform-20250318173035130000000001",
            "name_prefix": "terraform-",
            "owner_id": "730096458670",
            "revoke_rules_on_delete": false,
            "tags": {
              "Name": "MainSecurityGroup"
            },
            "tags_all": {
              "Name": "MainSecurityGroup"
            },
            "timeouts": null,
            "vpc_id": "vpc-058f7f97b2a8d1dcf"
          },
          "sensitive_attributes": [],
          "private": "eyJlMmJmYjczMC1lY2FhLTExZTYtOGY4OC0zNDM2M2JjN2M0YzAiOnsiY3JlYXRlIjo2MDAwMDAwMDAwMDAsImRlbGV0ZSI6OTAwMDAwMDAwMDAwfSwic2NoZW1hX3ZlcnNpb24iOiIxIn0=",
          "dependencies": [
            "module.vpc.aws_vpc.my_vpc"
          ]
        }
      ]
    },
    {
      "module": "module.vpc",
      "mode": "data",
      "type": "aws_availability_zones",
      "name": "available",
      "provider": "provider[\"registry.terraform.io/hashicorp/aws\"]",
      "instances": [
        {
          "schema_version": 0,
          "attributes": {
            "all_availability_zones": null,
            "exclude_names": null,
            "exclude_zone_ids": null,
            "filter": null,
            "group_names": [
              "eu-west-2-zg-1"
            ],
            "id": "eu-west-2",
            "names": [
              "eu-west-2a",
              "eu-west-2b",
              "eu-west-2c"
            ],
            "state": null,
            "timeouts": null,
            "zone_ids": [
              "euw2-az2",
              "euw2-az3",
              "euw2-az1"
            ]
          },
          "sensitive_attributes": []
        }
      ]
    },
    {
      "module": "module.vpc",
      "mode": "managed",
      "type": "aws_internet_gateway",
      "name": "internet_gateway",
      "provider": "provider[\"registry.terraform.io/hashicorp/aws\"]",
      "instances": [
        {
          "schema_version": 0,
          "attributes": {
            "arn": "arn:aws:ec2:eu-west-2:730096458670:internet-gateway/igw-05e99ad637959d08d",
            "id": "igw-05e99ad637959d08d",
            "owner_id": "730096458670",
            "tags": {
              "Name": "InternetGateway"
            },
            "tags_all": {
              "Name": "InternetGateway"
            },
            "timeouts": null,
            "vpc_id": "vpc-058f7f97b2a8d1dcf"
          },
          "sensitive_attributes": [],
          "private": "eyJlMmJmYjczMC1lY2FhLTExZTYtOGY4OC0zNDM2M2JjN2M0YzAiOnsiY3JlYXRlIjoxMjAwMDAwMDAwMDAwLCJkZWxldGUiOjEyMDAwMDAwMDAwMDAsInVwZGF0ZSI6MTIwMDAwMDAwMDAwMH19",
          "dependencies": [
            "module.vpc.aws_vpc.my_vpc"
          ]
        }
      ]
    },
    {
      "module": "module.vpc",
      "mode": "managed",
      "type": "aws_route_table",
      "name": "public_route_table",
      "provider": "provider[\"registry.terraform.io/hashicorp/aws\"]",
      "instances": [
        {
          "schema_version": 0,
          "attributes": {
            "arn": "arn:aws:ec2:eu-west-2:730096458670:route-table/rtb-0bcf78432668d6f3a",
            "id": "rtb-0bcf78432668d6f3a",
            "owner_id": "730096458670",
            "propagating_vgws": [],
            "route": [
              {
                "carrier_gateway_id": "",
                "cidr_block": "0.0.0.0/0",
                "core_network_arn": "",
                "destination_prefix_list_id": "",
                "egress_only_gateway_id": "",
                "gateway_id": "igw-05e99ad637959d08d",
                "ipv6_cidr_block": "",
                "local_gateway_id": "",
                "nat_gateway_id": "",
                "network_interface_id": "",
                "transit_gateway_id": "",
                "vpc_endpoint_id": "",
                "vpc_peering_connection_id": ""
              }
            ],
            "tags": {
              "Name": "PublicRouteTable"
            },
            "tags_all": {
              "Name": "PublicRouteTable"
            },
            "timeouts": null,
            "vpc_id": "vpc-058f7f97b2a8d1dcf"
          },
          "sensitive_attributes": [],
          "private": "eyJlMmJmYjczMC1lY2FhLTExZTYtOGY4OC0zNDM2M2JjN2M0YzAiOnsiY3JlYXRlIjozMDAwMDAwMDAwMDAsImRlbGV0ZSI6MzAwMDAwMDAwMDAwLCJ1cGRhdGUiOjEyMDAwMDAwMDAwMH19",
          "dependencies": [
            "module.vpc.aws_internet_gateway.internet_gateway",
            "module.vpc.aws_vpc.my_vpc"
          ]
        }
      ]
    },
    {
      "module": "module.vpc",
      "mode": "managed",
      "type": "aws_route_table_association",
      "name": "public_subnet_association",
      "provider": "provider[\"registry.terraform.io/hashicorp/aws\"]",
      "instances": [
        {
          "index_key": 0,
          "schema_version": 0,
          "attributes": {
            "gateway_id": "",
            "id": "rtbassoc-0adc4d66f9868921d",
            "route_table_id": "rtb-0bcf78432668d6f3a",
            "subnet_id": "subnet-03b2d97773d8d4eeb",
            "timeouts": null
          },
          "sensitive_attributes": [],
          "private": "eyJlMmJmYjczMC1lY2FhLTExZTYtOGY4OC0zNDM2M2JjN2M0YzAiOnsiY3JlYXRlIjozMDAwMDAwMDAwMDAsImRlbGV0ZSI6MzAwMDAwMDAwMDAwLCJ1cGRhdGUiOjEyMDAwMDAwMDAwMH19",
          "dependencies": [
            "module.vpc.aws_internet_gateway.internet_gateway",
            "module.vpc.aws_route_table.public_route_table",
            "module.vpc.aws_subnet.public",
            "module.vpc.aws_vpc.my_vpc",
            "module.vpc.data.aws_availability_zones.available"
          ]
        },
        {
          "index_key": 1,
          "schema_version": 0,
          "attributes": {
            "gateway_id": "",
            "id": "rtbassoc-099d3a09df16073e4",
            "route_table_id": "rtb-0bcf78432668d6f3a",
            "subnet_id": "subnet-03ac9b93e20e22bf5",
            "timeouts": null
          },
          "sensitive_attributes": [],
          "private": "eyJlMmJmYjczMC1lY2FhLTExZTYtOGY4OC0zNDM2M2JjN2M0YzAiOnsiY3JlYXRlIjozMDAwMDAwMDAwMDAsImRlbGV0ZSI6MzAwMDAwMDAwMDAwLCJ1cGRhdGUiOjEyMDAwMDAwMDAwMH19",
          "dependencies": [
            "module.vpc.aws_internet_gateway.internet_gateway",
            "module.vpc.aws_route_table.public_route_table",
            "module.vpc.aws_subnet.public",
            "module.vpc.aws_vpc.my_vpc",
            "module.vpc.data.aws_availability_zones.available"
          ]
        }
      ]
    },
    {
      "module": "module.vpc",
      "mode": "managed",
      "type": "aws_subnet",
      "name": "private",
      "provider": "provider[\"registry.terraform.io/hashicorp/aws\"]",
      "instances": [
        {
          "index_key": 0,
          "schema_version": 1,
          "attributes": {
            "arn": "arn:aws:ec2:eu-west-2:730096458670:subnet/subnet-088a13bb1b90fb3bb",
            "assign_ipv6_address_on_creation": false,
            "availability_zone": "eu-west-2a",
            "availability_zone_id": "euw2-az2",
            "cidr_block": "172.31.15.0/24",
            "customer_owned_ipv4_pool": "",
            "enable_dns64": false,
            "enable_lni_at_device_index": 0,
            "enable_resource_name_dns_a_record_on_launch": false,
            "enable_resource_name_dns_aaaa_record_on_launch": false,
            "id": "subnet-088a13bb1b90fb3bb",
            "ipv6_cidr_block": "",
            "ipv6_cidr_block_association_id": "",
            "ipv6_native": false,
            "map_customer_owned_ip_on_launch": false,
            "map_public_ip_on_launch": false,
            "outpost_arn": "",
            "owner_id": "730096458670",
            "private_dns_hostname_type_on_launch": "ip-name",
            "tags": {
              "Name": "Private Subnet 1"
            },
            "tags_all": {
              "Name": "Private Subnet 1"
            },
            "timeouts": null,
            "vpc_id": "vpc-058f7f97b2a8d1dcf"
          },
          "sensitive_attributes": [],
          "private": "eyJlMmJmYjczMC1lY2FhLTExZTYtOGY4OC0zNDM2M2JjN2M0YzAiOnsiY3JlYXRlIjo2MDAwMDAwMDAwMDAsImRlbGV0ZSI6MTIwMDAwMDAwMDAwMH0sInNjaGVtYV92ZXJzaW9uIjoiMSJ9",
          "dependencies": [
            "module.vpc.aws_vpc.my_vpc",
            "module.vpc.data.aws_availability_zones.available"
          ]
        },
        {
          "index_key": 1,
          "schema_version": 1,
          "attributes": {
            "arn": "arn:aws:ec2:eu-west-2:730096458670:subnet/subnet-02005fbfcf3cf4aad",
            "assign_ipv6_address_on_creation": false,
            "availability_zone": "eu-west-2b",
            "availability_zone_id": "euw2-az3",
            "cidr_block": "172.31.20.0/24",
            "customer_owned_ipv4_pool": "",
            "enable_dns64": false,
            "enable_lni_at_device_index": 0,
            "enable_resource_name_dns_a_record_on_launch": false,
            "enable_resource_name_dns_aaaa_record_on_launch": false,
            "id": "subnet-02005fbfcf3cf4aad",
            "ipv6_cidr_block": "",
            "ipv6_cidr_block_association_id": "",
            "ipv6_native": false,
            "map_customer_owned_ip_on_launch": false,
            "map_public_ip_on_launch": false,
            "outpost_arn": "",
            "owner_id": "730096458670",
            "private_dns_hostname_type_on_launch": "ip-name",
            "tags": {
              "Name": "Private Subnet 2"
            },
            "tags_all": {
              "Name": "Private Subnet 2"
            },
            "timeouts": null,
            "vpc_id": "vpc-058f7f97b2a8d1dcf"
          },
          "sensitive_attributes": [],
          "private": "eyJlMmJmYjczMC1lY2FhLTExZTYtOGY4OC0zNDM2M2JjN2M0YzAiOnsiY3JlYXRlIjo2MDAwMDAwMDAwMDAsImRlbGV0ZSI6MTIwMDAwMDAwMDAwMH0sInNjaGVtYV92ZXJzaW9uIjoiMSJ9",
          "dependencies": [
            "module.vpc.aws_vpc.my_vpc",
            "module.vpc.data.aws_availability_zones.available"
          ]
        }
      ]
    },
    {
      "module": "module.vpc",
      "mode": "managed",
      "type": "aws_subnet",
      "name": "public",
      "provider": "provider[\"registry.terraform.io/hashicorp/aws\"]",
      "instances": [
        {
          "index_key": 0,
          "schema_version": 1,
          "attributes": {
            "arn": "arn:aws:ec2:eu-west-2:730096458670:subnet/subnet-03b2d97773d8d4eeb",
            "assign_ipv6_address_on_creation": false,
            "availability_zone": "eu-west-2a",
            "availability_zone_id": "euw2-az2",
            "cidr_block": "172.31.5.0/24",
            "customer_owned_ipv4_pool": "",
            "enable_dns64": false,
            "enable_lni_at_device_index": 0,
            "enable_resource_name_dns_a_record_on_launch": false,
            "enable_resource_name_dns_aaaa_record_on_launch": false,
            "id": "subnet-03b2d97773d8d4eeb",
            "ipv6_cidr_block": "",
            "ipv6_cidr_block_association_id": "",
            "ipv6_native": false,
            "map_customer_owned_ip_on_launch": false,
            "map_public_ip_on_launch": true,
            "outpost_arn": "",
            "owner_id": "730096458670",
            "private_dns_hostname_type_on_launch": "ip-name",
            "tags": {
              "Name": "Public Subnet 1"
            },
            "tags_all": {
              "Name": "Public Subnet 1"
            },
            "timeouts": null,
            "vpc_id": "vpc-058f7f97b2a8d1dcf"
          },
          "sensitive_attributes": [],
          "private": "eyJlMmJmYjczMC1lY2FhLTExZTYtOGY4OC0zNDM2M2JjN2M0YzAiOnsiY3JlYXRlIjo2MDAwMDAwMDAwMDAsImRlbGV0ZSI6MTIwMDAwMDAwMDAwMH0sInNjaGVtYV92ZXJzaW9uIjoiMSJ9",
          "dependencies": [
            "module.vpc.aws_vpc.my_vpc",
            "module.vpc.data.aws_availability_zones.available"
          ]
        },
        {
          "index_key": 1,
          "schema_version": 1,
          "attributes": {
            "arn": "arn:aws:ec2:eu-west-2:730096458670:subnet/subnet-03ac9b93e20e22bf5",
            "assign_ipv6_address_on_creation": false,
            "availability_zone": "eu-west-2b",
            "availability_zone_id": "euw2-az3",
            "cidr_block": "172.31.10.0/24",
            "customer_owned_ipv4_pool": "",
            "enable_dns64": false,
            "enable_lni_at_device_index": 0,
            "enable_resource_name_dns_a_record_on_launch": false,
            "enable_resource_name_dns_aaaa_record_on_launch": false,
            "id": "subnet-03ac9b93e20e22bf5",
            "ipv6_cidr_block": "",
            "ipv6_cidr_block_association_id": "",
            "ipv6_native": false,
            "map_customer_owned_ip_on_launch": false,
            "map_public_ip_on_launch": true,
            "outpost_arn": "",
            "owner_id": "730096458670",
            "private_dns_hostname_type_on_launch": "ip-name",
            "tags": {
              "Name": "Public Subnet 2"
            },
            "tags_all": {
              "Name": "Public Subnet 2"
            },
            "timeouts": null,
            "vpc_id": "vpc-058f7f97b2a8d1dcf"
          },
          "sensitive_attributes": [],
          "private": "eyJlMmJmYjczMC1lY2FhLTExZTYtOGY4OC0zNDM2M2JjN2M0YzAiOnsiY3JlYXRlIjo2MDAwMDAwMDAwMDAsImRlbGV0ZSI6MTIwMDAwMDAwMDAwMH0sInNjaGVtYV92ZXJzaW9uIjoiMSJ9",
          "dependencies": [
            "module.vpc.aws_vpc.my_vpc",
            "module.vpc.data.aws_availability_zones.available"
          ]
        }
      ]
    },
    {
      "module": "module.vpc",
      "mode": "managed",
      "type": "aws_vpc",
      "name": "my_vpc",
      "provider": "provider[\"registry.terraform.io/hashicorp/aws\"]",
      "instances": [
        {
          "schema_version": 1,
          "attributes": {
            "arn": "arn:aws:ec2:eu-west-2:730096458670:vpc/vpc-058f7f97b2a8d1dcf",
            "assign_generated_ipv6_cidr_block": false,
            "cidr_block": "172.31.0.0/16",
            "default_network_acl_id": "acl-00c20231d0c2bf552",
            "default_route_table_id": "rtb-0644f6dd152af0d11",
            "default_security_group_id": "sg-06619b2c7155c9183",
            "dhcp_options_id": "dopt-009e581b88d64a9ea",
            "enable_dns_hostnames": false,
            "enable_dns_support": true,
            "enable_network_address_usage_metrics": false,
            "id": "vpc-058f7f97b2a8d1dcf",
            "instance_tenancy": "default",
            "ipv4_ipam_pool_id": null,
            "ipv4_netmask_length": null,
            "ipv6_association_id": "",
            "ipv6_cidr_block": "",
            "ipv6_cidr_block_network_border_group": "",
            "ipv6_ipam_pool_id": "",
            "ipv6_netmask_length": 0,
            "main_route_table_id": "rtb-0644f6dd152af0d11",
            "owner_id": "730096458670",
            "tags": null,
            "tags_all": {}
          },
          "sensitive_attributes": [],
          "private": "eyJzY2hlbWFfdmVyc2lvbiI6IjEifQ=="
        }
      ]
    }
  ],
  "check_results": null
}
